
Microsoft Visual Studio Solution File, Format Version 12.00
# Visual Studio Version 17
VisualStudioVersion = 17.2.32519.379
MinimumVisualStudioVersion = 10.0.40219.1
Project("{FAE04EC0-301F-11D3-BF4B-00C04F79EFBC}") = "Bookvault.Book.API", "Bookvault.Book.API\Bookvault.Book.API.csproj", "{B97E9E59-9980-44CF-A25D-AFD8029A58E7}"
EndProject
Global
	GlobalSection(SolutionConfigurationPlatforms) = preSolution
		Debug|Any CPU = Debug|Any CPU
		Release|Any CPU = Release|Any CPU
	EndGlobalSection
	GlobalSection(ProjectConfigurationPlatforms) = postSolution
		{B97E9E59-9980-44CF-A25D-AFD8029A58E7}.Debug|Any CPU.ActiveCfg = Debug|Any CPU
		{B97E9E59-9980-44CF-A25D-AFD8029A58E7}.Debug|Any CPU.Build.0 = Debug|Any CPU
		{B97E9E59-9980-44CF-A25D-AFD8029A58E7}.Release|Any CPU.ActiveCfg = Release|Any CPU
		{B97E9E59-9980-44CF-A25D-AFD8029A58E7}.Release|Any CPU.Build.0 = Release|Any CPU
	EndGlobalSection
	GlobalSection(SolutionProperties) = preSolution
		HideSolutionNode = FALSE
	EndGlobalSection
	GlobalSection(ExtensibilityGlobals) = postSolution
		SolutionGuid = {CD16B3C3-82BB-49FC-AABC-FB4D032BF8EC}
	EndGlobalSection
EndGlobal
