
Microsoft Visual Studio Solution File, Format Version 12.00
# Visual Studio Version 17
VisualStudioVersion = 17.2.32519.379
MinimumVisualStudioVersion = 10.0.40219.1
Project("{FAE04EC0-301F-11D3-BF4B-00C04F79EFBC}") = "Bookvault.Inventory.API", "Bookvault.Inventory.API\Bookvault.Inventory.API.csproj", "{D27531D1-892E-4E1B-91BA-E74BFF69483E}"
EndProject
Global
	GlobalSection(SolutionConfigurationPlatforms) = preSolution
		Debug|Any CPU = Debug|Any CPU
		Release|Any CPU = Release|Any CPU
	EndGlobalSection
	GlobalSection(ProjectConfigurationPlatforms) = postSolution
		{D27531D1-892E-4E1B-91BA-E74BFF69483E}.Debug|Any CPU.ActiveCfg = Debug|Any CPU
		{D27531D1-892E-4E1B-91BA-E74BFF69483E}.Debug|Any CPU.Build.0 = Debug|Any CPU
		{D27531D1-892E-4E1B-91BA-E74BFF69483E}.Release|Any CPU.ActiveCfg = Release|Any CPU
		{D27531D1-892E-4E1B-91BA-E74BFF69483E}.Release|Any CPU.Build.0 = Release|Any CPU
	EndGlobalSection
	GlobalSection(SolutionProperties) = preSolution
		HideSolutionNode = FALSE
	EndGlobalSection
	GlobalSection(ExtensibilityGlobals) = postSolution
		SolutionGuid = {3FB384F9-B9B5-42C3-BEDF-8D7680C5170E}
	EndGlobalSection
EndGlobal
