
Microsoft Visual Studio Solution File, Format Version 12.00
# Visual Studio Version 17
VisualStudioVersion = 17.2.32519.379
MinimumVisualStudioVersion = 10.0.40219.1
Project("{FAE04EC0-301F-11D3-BF4B-00C04F79EFBC}") = "Bookvault.Inventory.API", "Bookvault.Inventory.API\Bookvault.Inventory.API.csproj", "{83063B99-FF69-4BF5-8D5E-D3A28E4701FC}"
EndProject
Global
	GlobalSection(SolutionConfigurationPlatforms) = preSolution
		Debug|Any CPU = Debug|Any CPU
		Release|Any CPU = Release|Any CPU
	EndGlobalSection
	GlobalSection(ProjectConfigurationPlatforms) = postSolution
		{83063B99-FF69-4BF5-8D5E-D3A28E4701FC}.Debug|Any CPU.ActiveCfg = Debug|Any CPU
		{83063B99-FF69-4BF5-8D5E-D3A28E4701FC}.Debug|Any CPU.Build.0 = Debug|Any CPU
		{83063B99-FF69-4BF5-8D5E-D3A28E4701FC}.Release|Any CPU.ActiveCfg = Release|Any CPU
		{83063B99-FF69-4BF5-8D5E-D3A28E4701FC}.Release|Any CPU.Build.0 = Release|Any CPU
	EndGlobalSection
	GlobalSection(SolutionProperties) = preSolution
		HideSolutionNode = FALSE
	EndGlobalSection
	GlobalSection(ExtensibilityGlobals) = postSolution
		SolutionGuid = {C034CB54-86DB-4721-B5C1-021BC5114455}
	EndGlobalSection
EndGlobal
